
Microsoft Visual Studio Solution File, Format Version 12.00
# Visual Studio Version 17
VisualStudioVersion = 17.9.34902.65
MinimumVisualStudioVersion = 10.0.40219.1
Project("{2150E333-8FDC-42A3-9474-1A3956D46DE8}") = "src", "src", "{88A64311-FE99-4673-AA0E-BF6D053A5470}"
EndProject
Project("{2150E333-8FDC-42A3-9474-1A3956D46DE8}") = "Core", "Core", "{9510D79C-0829-4A19-B367-CCFE9D7E3124}"
EndProject
Project("{2150E333-8FDC-42A3-9474-1A3956D46DE8}") = "Infrastructure", "Infrastructure", "{9B961D77-DFB4-4D55-B6C7-D785B0448E1D}"
EndProject
Project("{2150E333-8FDC-42A3-9474-1A3956D46DE8}") = "test", "test", "{42CA6080-314A-4E76-8409-7E234879B810}"
EndProject
Project("{2150E333-8FDC-42A3-9474-1A3956D46DE8}") = "presentation", "presentation", "{223C478B-EE15-4E1A-8543-06E63694E655}"
EndProject
Project("{FAE04EC0-301F-11D3-BF4B-00C04F79EFBC}") = "ProniaOnion.Domain", "src\Core\ProniaOnion.Domain\ProniaOnion.Domain.csproj", "{1A331B42-4521-48BD-895F-CD354415DAA5}"
EndProject
Project("{FAE04EC0-301F-11D3-BF4B-00C04F79EFBC}") = "ProniaOnion.Application", "src\Core\ProniaOnion.Application\ProniaOnion.Application.csproj", "{1297C709-F7E0-400C-BB13-BBBE3B804DD7}"
EndProject
Project("{FAE04EC0-301F-11D3-BF4B-00C04F79EFBC}") = "ProniaOnion.Persistence", "src\Infrastructure\ProniaOnion.Persistence\ProniaOnion.Persistence.csproj", "{9BDF10D9-5ADC-4EA2-913F-3C59F8378EB4}"
EndProject
Project("{FAE04EC0-301F-11D3-BF4B-00C04F79EFBC}") = "ProniaOnion.Infrastructure", "src\Infrastructure\ProniaOnion.Infrastructure\ProniaOnion.Infrastructure.csproj", "{93C63184-FDC5-4518-9C37-7EB090EEA7C0}"
EndProject
Project("{FAE04EC0-301F-11D3-BF4B-00C04F79EFBC}") = "ProniaOnion.API", "presentation\ProniaOnion.API\ProniaOnion.API.csproj", "{3E00830A-B956-4B5F-B564-CCA0B00D3FF5}"
EndProject
Global
	GlobalSection(SolutionConfigurationPlatforms) = preSolution
		Debug|Any CPU = Debug|Any CPU
		Release|Any CPU = Release|Any CPU
	EndGlobalSection
	GlobalSection(ProjectConfigurationPlatforms) = postSolution
		{1A331B42-4521-48BD-895F-CD354415DAA5}.Debug|Any CPU.ActiveCfg = Debug|Any CPU
		{1A331B42-4521-48BD-895F-CD354415DAA5}.Debug|Any CPU.Build.0 = Debug|Any CPU
		{1A331B42-4521-48BD-895F-CD354415DAA5}.Release|Any CPU.ActiveCfg = Release|Any CPU
		{1A331B42-4521-48BD-895F-CD354415DAA5}.Release|Any CPU.Build.0 = Release|Any CPU
		{1297C709-F7E0-400C-BB13-BBBE3B804DD7}.Debug|Any CPU.ActiveCfg = Debug|Any CPU
		{1297C709-F7E0-400C-BB13-BBBE3B804DD7}.Debug|Any CPU.Build.0 = Debug|Any CPU
		{1297C709-F7E0-400C-BB13-BBBE3B804DD7}.Release|Any CPU.ActiveCfg = Release|Any CPU
		{1297C709-F7E0-400C-BB13-BBBE3B804DD7}.Release|Any CPU.Build.0 = Release|Any CPU
		{9BDF10D9-5ADC-4EA2-913F-3C59F8378EB4}.Debug|Any CPU.ActiveCfg = Debug|Any CPU
		{9BDF10D9-5ADC-4EA2-913F-3C59F8378EB4}.Debug|Any CPU.Build.0 = Debug|Any CPU
		{9BDF10D9-5ADC-4EA2-913F-3C59F8378EB4}.Release|Any CPU.ActiveCfg = Release|Any CPU
		{9BDF10D9-5ADC-4EA2-913F-3C59F8378EB4}.Release|Any CPU.Build.0 = Release|Any CPU
		{93C63184-FDC5-4518-9C37-7EB090EEA7C0}.Debug|Any CPU.ActiveCfg = Debug|Any CPU
		{93C63184-FDC5-4518-9C37-7EB090EEA7C0}.Debug|Any CPU.Build.0 = Debug|Any CPU
		{93C63184-FDC5-4518-9C37-7EB090EEA7C0}.Release|Any CPU.ActiveCfg = Release|Any CPU
		{93C63184-FDC5-4518-9C37-7EB090EEA7C0}.Release|Any CPU.Build.0 = Release|Any CPU
		{3E00830A-B956-4B5F-B564-CCA0B00D3FF5}.Debug|Any CPU.ActiveCfg = Debug|Any CPU
		{3E00830A-B956-4B5F-B564-CCA0B00D3FF5}.Debug|Any CPU.Build.0 = Debug|Any CPU
		{3E00830A-B956-4B5F-B564-CCA0B00D3FF5}.Release|Any CPU.ActiveCfg = Release|Any CPU
		{3E00830A-B956-4B5F-B564-CCA0B00D3FF5}.Release|Any CPU.Build.0 = Release|Any CPU
	EndGlobalSection
	GlobalSection(SolutionProperties) = preSolution
		HideSolutionNode = FALSE
	EndGlobalSection
	GlobalSection(NestedProjects) = preSolution
		{9510D79C-0829-4A19-B367-CCFE9D7E3124} = {88A64311-FE99-4673-AA0E-BF6D053A5470}
		{9B961D77-DFB4-4D55-B6C7-D785B0448E1D} = {88A64311-FE99-4673-AA0E-BF6D053A5470}
		{1A331B42-4521-48BD-895F-CD354415DAA5} = {9510D79C-0829-4A19-B367-CCFE9D7E3124}
		{1297C709-F7E0-400C-BB13-BBBE3B804DD7} = {9510D79C-0829-4A19-B367-CCFE9D7E3124}
		{9BDF10D9-5ADC-4EA2-913F-3C59F8378EB4} = {9B961D77-DFB4-4D55-B6C7-D785B0448E1D}
		{93C63184-FDC5-4518-9C37-7EB090EEA7C0} = {9B961D77-DFB4-4D55-B6C7-D785B0448E1D}
		{3E00830A-B956-4B5F-B564-CCA0B00D3FF5} = {223C478B-EE15-4E1A-8543-06E63694E655}
	EndGlobalSection
	GlobalSection(ExtensibilityGlobals) = postSolution
		SolutionGuid = {30027210-E2FE-4784-93EF-AF250DBA5CE8}
	EndGlobalSection
EndGlobal
